<Solution>
  <Folder Name="/LINQ/">
    <Project Path="LINQ/LINQSamples.Common/LINQSamples.Common.csproj" />
    <Project Path="LINQ/LINQSamples.DataLayer/LINQSamples.DataLayer.csproj" />
  </Folder>
  <Folder Name="/LINQ/02-UnderstandingLINQ/">
    <Project Path="LINQ/02-UnderstandingLINQ/LINQSamples.csproj" />
  </Folder>
  <Project Path="LINQ/LINQ.csproj" />
</Solution>
